// !$*UTF8*$!
{
	archiveVersion = 1;
	classes = {
	};
	objectVersion = 52;
	objects = {

/* Begin PBXBuildFile section */
		E36638E325E59037008D0723 /* AppDelegate.swift in Sources */ = {isa = PBXBuildFile; fileRef = E36638E225E59037008D0723 /* AppDelegate.swift */; };
		E36638E525E59037008D0723 /* SceneDelegate.swift in Sources */ = {isa = PBXBuildFile; fileRef = E36638E425E59037008D0723 /* SceneDelegate.swift */; };
		E36638EA25E59037008D0723 /* Main.storyboard in Resources */ = {isa = PBXBuildFile; fileRef = E36638E825E59037008D0723 /* Main.storyboard */; };
		E36638EC25E5903B008D0723 /* Assets.xcassets in Resources */ = {isa = PBXBuildFile; fileRef = E36638EB25E5903B008D0723 /* Assets.xcassets */; };
		E36638EF25E5903B008D0723 /* LaunchScreen.storyboard in Resources */ = {isa = PBXBuildFile; fileRef = E36638ED25E5903B008D0723 /* LaunchScreen.storyboard */; };
		E36638F925E590C6008D0723 /* Realm in Frameworks */ = {isa = PBXBuildFile; productRef = E36638F825E590C6008D0723 /* Realm */; };
		E36638FB25E590C6008D0723 /* RealmSwift in Frameworks */ = {isa = PBXBuildFile; productRef = E36638FA25E590C6008D0723 /* RealmSwift */; };
		E366390B25E5A77B008D0723 /* Task.swift in Sources */ = {isa = PBXBuildFile; fileRef = E366390A25E5A77B008D0723 /* Task.swift */; };
		E366390E25E5A78C008D0723 /* TasksList.swift in Sources */ = {isa = PBXBuildFile; fileRef = E366390D25E5A78C008D0723 /* TasksList.swift */; };
		E366391325E5AA03008D0723 /* StorageManager.swift in Sources */ = {isa = PBXBuildFile; fileRef = E366391225E5AA03008D0723 /* StorageManager.swift */; };
		E3FD6F8525E7BFBC00A89FC0 /* EditTaskViewController.swift in Sources */ = {isa = PBXBuildFile; fileRef = E3FD6F8425E7BFBC00A89FC0 /* EditTaskViewController.swift */; };
		E3FD6F8925E7C52400A89FC0 /* TasksViewController.swift in Sources */ = {isa = PBXBuildFile; fileRef = E3FD6F8825E7C52400A89FC0 /* TasksViewController.swift */; };
		E3FD6F9B25E7E9D600A89FC0 /* FocusViewController.swift in Sources */ = {isa = PBXBuildFile; fileRef = E3FD6F9A25E7E9D600A89FC0 /* FocusViewController.swift */; };
/* End PBXBuildFile section */

/* Begin PBXFileReference section */
		E36638DF25E59037008D0723 /* RealmTaskApp.app */ = {isa = PBXFileReference; explicitFileType = wrapper.application; includeInIndex = 0; path = RealmTaskApp.app; sourceTree = BUILT_PRODUCTS_DIR; };
		E36638E225E59037008D0723 /* AppDelegate.swift */ = {isa = PBXFileReference; lastKnownFileType = sourcecode.swift; path = AppDelegate.swift; sourceTree = "<group>"; };
		E36638E425E59037008D0723 /* SceneDelegate.swift */ = {isa = PBXFileReference; lastKnownFileType = sourcecode.swift; path = SceneDelegate.swift; sourceTree = "<group>"; };
		E36638E925E59037008D0723 /* Base */ = {isa = PBXFileReference; lastKnownFileType = file.storyboard; name = Base; path = Base.lproj/Main.storyboard; sourceTree = "<group>"; };
		E36638EB25E5903B008D0723 /* Assets.xcassets */ = {isa = PBXFileReference; lastKnownFileType = folder.assetcatalog; path = Assets.xcassets; sourceTree = "<group>"; };
		E36638EE25E5903B008D0723 /* Base */ = {isa = PBXFileReference; lastKnownFileType = file.storyboard; name = Base; path = Base.lproj/LaunchScreen.storyboard; sourceTree = "<group>"; };
		E36638F025E5903B008D0723 /* Info.plist */ = {isa = PBXFileReference; lastKnownFileType = text.plist.xml; path = Info.plist; sourceTree = "<group>"; };
		E366390A25E5A77B008D0723 /* Task.swift */ = {isa = PBXFileReference; lastKnownFileType = sourcecode.swift; path = Task.swift; sourceTree = "<group>"; };
		E366390D25E5A78C008D0723 /* TasksList.swift */ = {isa = PBXFileReference; lastKnownFileType = sourcecode.swift; path = TasksList.swift; sourceTree = "<group>"; };
		E366391225E5AA03008D0723 /* StorageManager.swift */ = {isa = PBXFileReference; lastKnownFileType = sourcecode.swift; path = StorageManager.swift; sourceTree = "<group>"; };
		E3FD6F8425E7BFBC00A89FC0 /* EditTaskViewController.swift */ = {isa = PBXFileReference; lastKnownFileType = sourcecode.swift; path = EditTaskViewController.swift; sourceTree = "<group>"; };
		E3FD6F8825E7C52400A89FC0 /* TasksViewController.swift */ = {isa = PBXFileReference; lastKnownFileType = sourcecode.swift; path = TasksViewController.swift; sourceTree = "<group>"; };
		E3FD6F9A25E7E9D600A89FC0 /* FocusViewController.swift */ = {isa = PBXFileReference; lastKnownFileType = sourcecode.swift; path = FocusViewController.swift; sourceTree = "<group>"; };
/* End PBXFileReference section */

/* Begin PBXFrameworksBuildPhase section */
		E36638DC25E59037008D0723 /* Frameworks */ = {
			isa = PBXFrameworksBuildPhase;
			buildActionMask = 2147483647;
			files = (
				E36638FB25E590C6008D0723 /* RealmSwift in Frameworks */,
				E36638F925E590C6008D0723 /* Realm in Frameworks */,
			);
			runOnlyForDeploymentPostprocessing = 0;
		};
/* End PBXFrameworksBuildPhase section */

/* Begin PBXGroup section */
		E36638D625E59037008D0723 = {
			isa = PBXGroup;
			children = (
				E36638E125E59037008D0723 /* RealmTaskApp */,
				E36638E025E59037008D0723 /* Products */,
			);
			sourceTree = "<group>";
		};
		E36638E025E59037008D0723 /* Products */ = {
			isa = PBXGroup;
			children = (
				E36638DF25E59037008D0723 /* RealmTaskApp.app */,
			);
			name = Products;
			sourceTree = "<group>";
		};
		E36638E125E59037008D0723 /* RealmTaskApp */ = {
			isa = PBXGroup;
			children = (
				E366391125E5A9E9008D0723 /* StorageManager */,
				E36638FE25E590FF008D0723 /* AppDelegate */,
				E366390225E5914E008D0723 /* Controllers */,
				E366390125E59147008D0723 /* Model */,
				E36638E825E59037008D0723 /* Main.storyboard */,
				E36638EB25E5903B008D0723 /* Assets.xcassets */,
				E36638ED25E5903B008D0723 /* LaunchScreen.storyboard */,
				E36638F025E5903B008D0723 /* Info.plist */,
			);
			path = RealmTaskApp;
			sourceTree = "<group>";
		};
		E36638FE25E590FF008D0723 /* AppDelegate */ = {
			isa = PBXGroup;
			children = (
				E36638E225E59037008D0723 /* AppDelegate.swift */,
				E36638E425E59037008D0723 /* SceneDelegate.swift */,
				E366390025E59133008D0723 /* Views */,
			);
			path = AppDelegate;
			sourceTree = "<group>";
		};
		E366390025E59133008D0723 /* Views */ = {
			isa = PBXGroup;
			children = (
			);
			path = Views;
			sourceTree = "<group>";
		};
		E366390125E59147008D0723 /* Model */ = {
			isa = PBXGroup;
			children = (
				E366390D25E5A78C008D0723 /* TasksList.swift */,
				E366390A25E5A77B008D0723 /* Task.swift */,
			);
			path = Model;
			sourceTree = "<group>";
		};
		E366390225E5914E008D0723 /* Controllers */ = {
			isa = PBXGroup;
			children = (
				E3FD6F8425E7BFBC00A89FC0 /* EditTaskViewController.swift */,
				E3FD6F9A25E7E9D600A89FC0 /* FocusViewController.swift */,
				E3FD6F8825E7C52400A89FC0 /* TasksViewController.swift */,
			);
			path = Controllers;
			sourceTree = "<group>";
		};
		E366391125E5A9E9008D0723 /* StorageManager */ = {
			isa = PBXGroup;
			children = (
				E366391225E5AA03008D0723 /* StorageManager.swift */,
			);
			path = StorageManager;
			sourceTree = "<group>";
		};
/* End PBXGroup section */

/* Begin PBXNativeTarget section */
		E36638DE25E59037008D0723 /* RealmTaskApp */ = {
			isa = PBXNativeTarget;
			buildConfigurationList = E36638F325E5903B008D0723 /* Build configuration list for PBXNativeTarget "RealmTaskApp" */;
			buildPhases = (
				E36638DB25E59037008D0723 /* Sources */,
				E36638DC25E59037008D0723 /* Frameworks */,
				E36638DD25E59037008D0723 /* Resources */,
			);
			buildRules = (
			);
			dependencies = (
			);
			name = RealmTaskApp;
			packageProductDependencies = (
				E36638F825E590C6008D0723 /* Realm */,
				E36638FA25E590C6008D0723 /* RealmSwift */,
			);
			productName = RealmTaskApp;
			productReference = E36638DF25E59037008D0723 /* RealmTaskApp.app */;
			productType = "com.apple.product-type.application";
		};
/* End PBXNativeTarget section */

/* Begin PBXProject section */
		E36638D725E59037008D0723 /* Project object */ = {
			isa = PBXProject;
			attributes = {
				LastSwiftUpdateCheck = 1240;
				LastUpgradeCheck = 1240;
				TargetAttributes = {
					E36638DE25E59037008D0723 = {
						CreatedOnToolsVersion = 12.4;
					};
				};
			};
			buildConfigurationList = E36638DA25E59037008D0723 /* Build configuration list for PBXProject "RealmTaskApp" */;
			compatibilityVersion = "Xcode 9.3";
			developmentRegion = en;
			hasScannedForEncodings = 0;
			knownRegions = (
				en,
				Base,
			);
			mainGroup = E36638D625E59037008D0723;
			packageReferences = (
				E36638F725E590C6008D0723 /* XCRemoteSwiftPackageReference "realm-cocoa" */,
			);
			productRefGroup = E36638E025E59037008D0723 /* Products */;
			projectDirPath = "";
			projectRoot = "";
			targets = (
				E36638DE25E59037008D0723 /* RealmTaskApp */,
			);
		};
/* End PBXProject section */

/* Begin PBXResourcesBuildPhase section */
		E36638DD25E59037008D0723 /* Resources */ = {
			isa = PBXResourcesBuildPhase;
			buildActionMask = 2147483647;
			files = (
				E36638EF25E5903B008D0723 /* LaunchScreen.storyboard in Resources */,
				E36638EC25E5903B008D0723 /* Assets.xcassets in Resources */,
				E36638EA25E59037008D0723 /* Main.storyboard in Resources */,
			);
			runOnlyForDeploymentPostprocessing = 0;
		};
/* End PBXResourcesBuildPhase section */

/* Begin PBXSourcesBuildPhase section */
		E36638DB25E59037008D0723 /* Sources */ = {
			isa = PBXSourcesBuildPhase;
			buildActionMask = 2147483647;
			files = (
				E366390E25E5A78C008D0723 /* TasksList.swift in Sources */,
				E36638E325E59037008D0723 /* AppDelegate.swift in Sources */,
				E366391325E5AA03008D0723 /* StorageManager.swift in Sources */,
				E3FD6F8925E7C52400A89FC0 /* TasksViewController.swift in Sources */,
				E366390B25E5A77B008D0723 /* Task.swift in Sources */,
				E36638E525E59037008D0723 /* SceneDelegate.swift in Sources */,
				E3FD6F9B25E7E9D600A89FC0 /* FocusViewController.swift in Sources */,
				E3FD6F8525E7BFBC00A89FC0 /* EditTaskViewController.swift in Sources */,
			);
			runOnlyForDeploymentPostprocessing = 0;
		};
/* End PBXSourcesBuildPhase section */

/* Begin PBXVariantGroup section */
		E36638E825E59037008D0723 /* Main.storyboard */ = {
			isa = PBXVariantGroup;
			children = (
				E36638E925E59037008D0723 /* Base */,
			);
			name = Main.storyboard;
			sourceTree = "<group>";
		};
		E36638ED25E5903B008D0723 /* LaunchScreen.storyboard */ = {
			isa = PBXVariantGroup;
			children = (
				E36638EE25E5903B008D0723 /* Base */,
			);
			name = LaunchScreen.storyboard;
			sourceTree = "<group>";
		};
/* End PBXVariantGroup section */

/* Begin XCBuildConfiguration section */
		E36638F125E5903B008D0723 /* Debug */ = {
			isa = XCBuildConfiguration;
			buildSettings = {
				ALWAYS_SEARCH_USER_PATHS = NO;
				CLANG_ANALYZER_NONNULL = YES;
				CLANG_ANALYZER_NUMBER_OBJECT_CONVERSION = YES_AGGRESSIVE;
				CLANG_CXX_LANGUAGE_STANDARD = "gnu++14";
				CLANG_CXX_LIBRARY = "libc++";
				CLANG_ENABLE_MODULES = YES;
				CLANG_ENABLE_OBJC_ARC = YES;
				CLANG_ENABLE_OBJC_WEAK = YES;
				CLANG_WARN_BLOCK_CAPTURE_AUTORELEASING = YES;
				CLANG_WARN_BOOL_CONVERSION = YES;
				CLANG_WARN_COMMA = YES;
				CLANG_WARN_CONSTANT_CONVERSION = YES;
				CLANG_WARN_DEPRECATED_OBJC_IMPLEMENTATIONS = YES;
				CLANG_WARN_DIRECT_OBJC_ISA_USAGE = YES_ERROR;
				CLANG_WARN_DOCUMENTATION_COMMENTS = YES;
				CLANG_WARN_EMPTY_BODY = YES;
				CLANG_WARN_ENUM_CONVERSION = YES;
				CLANG_WARN_INFINITE_RECURSION = YES;
				CLANG_WARN_INT_CONVERSION = YES;
				CLANG_WARN_NON_LITERAL_NULL_CONVERSION = YES;
				CLANG_WARN_OBJC_IMPLICIT_RETAIN_SELF = YES;
				CLANG_WARN_OBJC_LITERAL_CONVERSION = YES;
				CLANG_WARN_OBJC_ROOT_CLASS = YES_ERROR;
				CLANG_WARN_QUOTED_INCLUDE_IN_FRAMEWORK_HEADER = YES;
				CLANG_WARN_RANGE_LOOP_ANALYSIS = YES;
				CLANG_WARN_STRICT_PROTOTYPES = YES;
				CLANG_WARN_SUSPICIOUS_MOVE = YES;
				CLANG_WARN_UNGUARDED_AVAILABILITY = YES_AGGRESSIVE;
				CLANG_WARN_UNREACHABLE_CODE = YES;
				CLANG_WARN__DUPLICATE_METHOD_MATCH = YES;
				COPY_PHASE_STRIP = NO;
				DEBUG_INFORMATION_FORMAT = dwarf;
				ENABLE_STRICT_OBJC_MSGSEND = YES;
				ENABLE_TESTABILITY = YES;
				GCC_C_LANGUAGE_STANDARD = gnu11;
				GCC_DYNAMIC_NO_PIC = NO;
				GCC_NO_COMMON_BLOCKS = YES;
				GCC_OPTIMIZATION_LEVEL = 0;
				GCC_PREPROCESSOR_DEFINITIONS = (
					"DEBUG=1",
					"$(inherited)",
				);
				GCC_WARN_64_TO_32_BIT_CONVERSION = YES;
				GCC_WARN_ABOUT_RETURN_TYPE = YES_ERROR;
				GCC_WARN_UNDECLARED_SELECTOR = YES;
				GCC_WARN_UNINITIALIZED_AUTOS = YES_AGGRESSIVE;
				GCC_WARN_UNUSED_FUNCTION = YES;
				GCC_WARN_UNUSED_VARIABLE = YES;
				IPHONEOS_DEPLOYMENT_TARGET = 14.4;
				MTL_ENABLE_DEBUG_INFO = INCLUDE_SOURCE;
				MTL_FAST_MATH = YES;
				ONLY_ACTIVE_ARCH = YES;
				SDKROOT = iphoneos;
				SWIFT_ACTIVE_COMPILATION_CONDITIONS = DEBUG;
				SWIFT_OPTIMIZATION_LEVEL = "-Onone";
			};
			name = Debug;
		};
		E36638F225E5903B008D0723 /* Release */ = {
			isa = XCBuildConfiguration;
			buildSettings = {
				ALWAYS_SEARCH_USER_PATHS = NO;
				CLANG_ANALYZER_NONNULL = YES;
				CLANG_ANALYZER_NUMBER_OBJECT_CONVERSION = YES_AGGRESSIVE;
				CLANG_CXX_LANGUAGE_STANDARD = "gnu++14";
				CLANG_CXX_LIBRARY = "libc++";
				CLANG_ENABLE_MODULES = YES;
				CLANG_ENABLE_OBJC_ARC = YES;
				CLANG_ENABLE_OBJC_WEAK = YES;
				CLANG_WARN_BLOCK_CAPTURE_AUTORELEASING = YES;
				CLANG_WARN_BOOL_CONVERSION = YES;
				CLANG_WARN_COMMA = YES;
				CLANG_WARN_CONSTANT_CONVERSION = YES;
				CLANG_WARN_DEPRECATED_OBJC_IMPLEMENTATIONS = YES;
				CLANG_WARN_DIRECT_OBJC_ISA_USAGE = YES_ERROR;
				CLANG_WARN_DOCUMENTATION_COMMENTS = YES;
				CLANG_WARN_EMPTY_BODY = YES;
				CLANG_WARN_ENUM_CONVERSION = YES;
				CLANG_WARN_INFINITE_RECURSION = YES;
				CLANG_WARN_INT_CONVERSION = YES;
				CLANG_WARN_NON_LITERAL_NULL_CONVERSION = YES;
				CLANG_WARN_OBJC_IMPLICIT_RETAIN_SELF = YES;
				CLANG_WARN_OBJC_LITERAL_CONVERSION = YES;
				CLANG_WARN_OBJC_ROOT_CLASS = YES_ERROR;
				CLANG_WARN_QUOTED_INCLUDE_IN_FRAMEWORK_HEADER = YES;
				CLANG_WARN_RANGE_LOOP_ANALYSIS = YES;
				CLANG_WARN_STRICT_PROTOTYPES = YES;
				CLANG_WARN_SUSPICIOUS_MOVE = YES;
				CLANG_WARN_UNGUARDED_AVAILABILITY = YES_AGGRESSIVE;
				CLANG_WARN_UNREACHABLE_CODE = YES;
				CLANG_WARN__DUPLICATE_METHOD_MATCH = YES;
				COPY_PHASE_STRIP = NO;
				DEBUG_INFORMATION_FORMAT = "dwarf-with-dsym";
				ENABLE_NS_ASSERTIONS = NO;
				ENABLE_STRICT_OBJC_MSGSEND = YES;
				GCC_C_LANGUAGE_STANDARD = gnu11;
				GCC_NO_COMMON_BLOCKS = YES;
				GCC_WARN_64_TO_32_BIT_CONVERSION = YES;
				GCC_WARN_ABOUT_RETURN_TYPE = YES_ERROR;
				GCC_WARN_UNDECLARED_SELECTOR = YES;
				GCC_WARN_UNINITIALIZED_AUTOS = YES_AGGRESSIVE;
				GCC_WARN_UNUSED_FUNCTION = YES;
				GCC_WARN_UNUSED_VARIABLE = YES;
				IPHONEOS_DEPLOYMENT_TARGET = 14.4;
				MTL_ENABLE_DEBUG_INFO = NO;
				MTL_FAST_MATH = YES;
				SDKROOT = iphoneos;
				SWIFT_COMPILATION_MODE = wholemodule;
				SWIFT_OPTIMIZATION_LEVEL = "-O";
				VALIDATE_PRODUCT = YES;
			};
			name = Release;
		};
		E36638F425E5903B008D0723 /* Debug */ = {
			isa = XCBuildConfiguration;
			buildSettings = {
				ASSETCATALOG_COMPILER_APPICON_NAME = AppIcon;
				ASSETCATALOG_COMPILER_GLOBAL_ACCENT_COLOR_NAME = AccentColor;
				CODE_SIGN_STYLE = Automatic;
				DEVELOPMENT_TEAM = W2RM2VL6UC;
				INFOPLIST_FILE = RealmTaskApp/Info.plist;
				LD_RUNPATH_SEARCH_PATHS = (
					"$(inherited)",
					"@executable_path/Frameworks",
				);
				PRODUCT_BUNDLE_IDENTIFIER = apple.com.RealmTaskApp;
				PRODUCT_NAME = "$(TARGET_NAME)";
				SWIFT_VERSION = 5.0;
				TARGETED_DEVICE_FAMILY = "1,2";
			};
			name = Debug;
		};
		E36638F525E5903B008D0723 /* Release */ = {
			isa = XCBuildConfiguration;
			buildSettings = {
				ASSETCATALOG_COMPILER_APPICON_NAME = AppIcon;
				ASSETCATALOG_COMPILER_GLOBAL_ACCENT_COLOR_NAME = AccentColor;
				CODE_SIGN_STYLE = Automatic;
				DEVELOPMENT_TEAM = W2RM2VL6UC;
				INFOPLIST_FILE = RealmTaskApp/Info.plist;
				LD_RUNPATH_SEARCH_PATHS = (
					"$(inherited)",
					"@executable_path/Frameworks",
				);
				PRODUCT_BUNDLE_IDENTIFIER = apple.com.RealmTaskApp;
				PRODUCT_NAME = "$(TARGET_NAME)";
				SWIFT_VERSION = 5.0;
				TARGETED_DEVICE_FAMILY = "1,2";
			};
			name = Release;
		};
/* End XCBuildConfiguration section */

/* Begin XCConfigurationList section */
		E36638DA25E59037008D0723 /* Build configuration list for PBXProject "RealmTaskApp" */ = {
			isa = XCConfigurationList;
			buildConfigurations = (
				E36638F125E5903B008D0723 /* Debug */,
				E36638F225E5903B008D0723 /* Release */,
			);
			defaultConfigurationIsVisible = 0;
			defaultConfigurationName = Release;
		};
		E36638F325E5903B008D0723 /* Build configuration list for PBXNativeTarget "RealmTaskApp" */ = {
			isa = XCConfigurationList;
			buildConfigurations = (
				E36638F425E5903B008D0723 /* Debug */,
				E36638F525E5903B008D0723 /* Release */,
			);
			defaultConfigurationIsVisible = 0;
			defaultConfigurationName = Release;
		};
/* End XCConfigurationList section */

/* Begin XCRemoteSwiftPackageReference section */
		E36638F725E590C6008D0723 /* XCRemoteSwiftPackageReference "realm-cocoa" */ = {
			isa = XCRemoteSwiftPackageReference;
			repositoryURL = "https://github.com/realm/realm-cocoa.git";
			requirement = {
				kind = upToNextMajorVersion;
				minimumVersion = 10.6.0;
			};
		};
/* End XCRemoteSwiftPackageReference section */

/* Begin XCSwiftPackageProductDependency section */
		E36638F825E590C6008D0723 /* Realm */ = {
			isa = XCSwiftPackageProductDependency;
			package = E36638F725E590C6008D0723 /* XCRemoteSwiftPackageReference "realm-cocoa" */;
			productName = Realm;
		};
		E36638FA25E590C6008D0723 /* RealmSwift */ = {
			isa = XCSwiftPackageProductDependency;
			package = E36638F725E590C6008D0723 /* XCRemoteSwiftPackageReference "realm-cocoa" */;
			productName = RealmSwift;
		};
/* End XCSwiftPackageProductDependency section */
	};
	rootObject = E36638D725E59037008D0723 /* Project object */;
}
